{
    "version": 3,
    "terraform_version": "0.11.7",
    "serial": 1,
    "lineage": "a7b30da4-0bdc-800c-425a-82616f7697f3",
    "modules": [
        {
            "path": [
                "root"
            ],
            "outputs": {},
            "resources": {
                "ibm_compute_ssh_key.ssh_key": {
                    "type": "ibm_compute_ssh_key",
                    "depends_on": [],
                    "primary": {
                        "id": "1270869",
                        "attributes": {
                            "fingerprint": "d6:61:af:ac:dd:6f:31:69:6e:ec:07:53:e0:0f:e2:d4",
                            "id": "1270869",
                            "label": "testkey",
                            "notes": "This is an ssh public key",
                            "public_key": "ssh-rsa AAAAB3NzaC1yc2EAAAADAQABAAACAQDQj8/wUeisNZNz0qLSHMK/dJ2jb1YKb8oE7pHsentODxtIV3NdkxCx/AS0PckKqDMxyEOgoh2kFxfLFu5Ae0UDvTrXPBWYERMuOF6KSZmmmdpWBKJ0h7OoHUD2vGKO6B0GmY3qiN5XMvbFC+1v+BZrKlvr7hLRqQMFoY9iwsXnUMIOrGcLNeTBpHEBfjr359kDuF0l/1P0WgCOpd61UAnR0Pj8XAwqgI2pDXWeEsUZ5Z6AeCwVN4sgjPqQ2uADi4GEwzS7cJGq3HuyUQ8oKtU8//QVeHFoIWcvzZh3m3n/YUUyXdTIzh4OYrFoRHMXMBKDFbGNsKqeDguoB8QNfzyKzmRWj5aQ8JazdQeJ00XKpdW53Vs09hVrMU1W/JmeDFHvRh/w2nObJ0EHQED0jvraDrn6iCkXBoK84EJE9pVV2gykH0iXyJzhKvOB/V7aRjOt2/DpTQ06eeEdBLhqtJX/ZtbZbet8nhi+W+lEJNVlSOg5IjH6mgMwK9rYlHzj90aZNyOBU6yVnXdO8SsiyXVWvmNOpDPUD7l0nLQRTXGUS+QZ+y3jMYfrs/wfw+HWTRRJt2C1JeH+viTXu8KZWgq967gIWMz4KI2w1EOuwGxVUruk7BJghxhc02o8yYeYs500H8quuemov4ktA+1dKRJ2oiCMnVlAj+DlkhIK9NX5qQ== tle@us.ibm.com"
                        },
                        "meta": {},
                        "tainted": false
                    },
                    "deposed": [],
                    "provider": "provider.ibm"
                },
                "ibm_security_group.sg1": {
                    "type": "ibm_security_group",
                    "depends_on": [],
                    "primary": {
                        "id": "1021661",
                        "attributes": {
                            "description": "public app traffic",
                            "id": "1021661",
                            "name": "sg1"
                        },
                        "meta": {},
                        "tainted": false
                    },
                    "deposed": [],
                    "provider": "provider.ibm"
                },
                "ibm_security_group.sg2": {
                    "type": "ibm_security_group",
                    "depends_on": [],
                    "primary": {
                        "id": "1021569",
                        "attributes": {
                            "description": "private app traffic",
                            "id": "1021569",
                            "name": "sg2"
                        },
                        "meta": {},
                        "tainted": false
                    },
                    "deposed": [],
                    "provider": "provider.ibm"
                },
                "ibm_security_group_rule.port_22": {
                    "type": "ibm_security_group_rule",
                    "depends_on": [
                        "ibm_security_group.sg2"
                    ],
                    "primary": {
                        "id": "2055973",
                        "attributes": {
                            "direction": "ingress",
                            "ether_type": "IPv4",
                            "id": "2055973",
                            "port_range_max": "22",
                            "port_range_min": "22",
                            "protocol": "tcp",
                            "remote_ip": "0.0.0.0/8",
                            "security_group_id": "1021569"
                        },
                        "meta": {},
                        "tainted": false
                    },
                    "deposed": [],
                    "provider": "provider.ibm"
                },
                "ibm_security_group_rule.port_443": {
                    "type": "ibm_security_group_rule",
                    "depends_on": [
                        "ibm_security_group.sg1"
                    ],
                    "primary": {
                        "id": "2056147",
                        "attributes": {
                            "direction": "ingress",
                            "ether_type": "IPv4",
                            "id": "2056147",
                            "port_range_max": "443",
                            "port_range_min": "443",
                            "protocol": "tcp",
                            "remote_ip": "0.0.0.0/8",
                            "security_group_id": "1021661"
                        },
                        "meta": {},
                        "tainted": false
                    },
                    "deposed": [],
                    "provider": "provider.ibm"
                },
                "ibm_storage_file.storage1": {
                    "type": "ibm_storage_file",
                    "depends_on": [],
                    "primary": {
                        "id": "54586489",
                        "attributes": {
                            "allowed_hardware_ids.#": "0",
                            "allowed_ip_addresses.#": "0",
                            "allowed_subnets.#": "0",
                            "allowed_virtual_guest_ids.#": "0",
                            "capacity": "20",
                            "datacenter": "wdc07",
                            "hostname": "fsf-wdc0701f-fz.adn.networklayer.com",
                            "hourly_billing": "false",
                            "id": "54586489",
                            "iops": "100",
                            "mountpoint": "fsf-wdc0701f-fz.adn.networklayer.com:/IBM02SV1643395_8/data01",
                            "snapshot_schedule.#": "0",
                            "type": "Performance",
                            "volumename": "IBM02SV1643395_8"
                        },
                        "meta": {},
                        "tainted": false
                    },
                    "deposed": [],
                    "provider": "provider.ibm"
                },
                "ibm_storage_file.storage2": {
                    "type": "ibm_storage_file",
                    "depends_on": [],
                    "primary": {
                        "id": "54586497",
                        "attributes": {
                            "allowed_hardware_ids.#": "0",
                            "allowed_ip_addresses.#": "0",
                            "allowed_subnets.#": "0",
                            "allowed_virtual_guest_ids.#": "0",
                            "capacity": "20",
                            "datacenter": "wdc07",
                            "hostname": "fsf-wdc0701c-fz.adn.networklayer.com",
                            "hourly_billing": "false",
                            "id": "54586497",
                            "iops": "100",
                            "mountpoint": "fsf-wdc0701c-fz.adn.networklayer.com:/IBM02SV1643395_9/data01",
                            "snapshot_schedule.#": "0",
                            "type": "Performance",
                            "volumename": "IBM02SV1643395_9"
                        },
                        "meta": {},
                        "tainted": false
                    },
                    "deposed": [],
                    "provider": "provider.ibm"
                }
            },
            "depends_on": []
        }
    ]
}
